
Microsoft Visual Studio Solution File, Format Version 12.00
# Visual Studio Version 17
VisualStudioVersion = 17.5.33502.453
MinimumVisualStudioVersion = 10.0.40219.1
Project("{8BC9CEB8-8B4A-11D0-8D11-00A0C91BC942}") = "programMultiwaris", "PARADIGMA\PARADIGMA.vcxproj", "{F391D880-940D-45C0-9C30-E83FF6E9CFEA}"
EndProject
Project("{8BC9CEB8-8B4A-11D0-8D11-00A0C91BC942}") = "programNoOverriding", "programNoOverriding\programNoOverriding.vcxproj", "{3A0D9B8E-3F89-4D49-AD5F-8271B7A2551A}"
EndProject
Project("{8BC9CEB8-8B4A-11D0-8D11-00A0C91BC942}") = "solveMultiwaris", "solveMultiwaris\solveMultiwaris.vcxproj", "{8177C87C-2B89-4AE4-A260-F84D8F24EC67}"
EndProject
Project("{8BC9CEB8-8B4A-11D0-8D11-00A0C91BC942}") = "programAbstraksi", "programAbstraksi\programAbstraksi.vcxproj", "{AE9FA91C-9293-488D-B94C-8575A157E9FF}"
EndProject
Project("{8BC9CEB8-8B4A-11D0-8D11-00A0C91BC942}") = "Multiwaris2", "Multiwaris2\Multiwaris2.vcxproj", "{76EB6D55-18A7-4CFD-B72F-98824300ABDB}"
EndProject
Global
	GlobalSection(SolutionConfigurationPlatforms) = preSolution
		Debug|x64 = Debug|x64
		Debug|x86 = Debug|x86
		Release|x64 = Release|x64
		Release|x86 = Release|x86
	EndGlobalSection
	GlobalSection(ProjectConfigurationPlatforms) = postSolution
		{F391D880-940D-45C0-9C30-E83FF6E9CFEA}.Debug|x64.ActiveCfg = Debug|x64
		{F391D880-940D-45C0-9C30-E83FF6E9CFEA}.Debug|x64.Build.0 = Debug|x64
		{F391D880-940D-45C0-9C30-E83FF6E9CFEA}.Debug|x86.ActiveCfg = Debug|Win32
		{F391D880-940D-45C0-9C30-E83FF6E9CFEA}.Debug|x86.Build.0 = Debug|Win32
		{F391D880-940D-45C0-9C30-E83FF6E9CFEA}.Release|x64.ActiveCfg = Release|x64
		{F391D880-940D-45C0-9C30-E83FF6E9CFEA}.Release|x64.Build.0 = Release|x64
		{F391D880-940D-45C0-9C30-E83FF6E9CFEA}.Release|x86.ActiveCfg = Release|Win32
		{F391D880-940D-45C0-9C30-E83FF6E9CFEA}.Release|x86.Build.0 = Release|Win32
		{3A0D9B8E-3F89-4D49-AD5F-8271B7A2551A}.Debug|x64.ActiveCfg = Debug|x64
		{3A0D9B8E-3F89-4D49-AD5F-8271B7A2551A}.Debug|x64.Build.0 = Debug|x64
		{3A0D9B8E-3F89-4D49-AD5F-8271B7A2551A}.Debug|x86.ActiveCfg = Debug|Win32
		{3A0D9B8E-3F89-4D49-AD5F-8271B7A2551A}.Debug|x86.Build.0 = Debug|Win32
		{3A0D9B8E-3F89-4D49-AD5F-8271B7A2551A}.Release|x64.ActiveCfg = Release|x64
		{3A0D9B8E-3F89-4D49-AD5F-8271B7A2551A}.Release|x64.Build.0 = Release|x64
		{3A0D9B8E-3F89-4D49-AD5F-8271B7A2551A}.Release|x86.ActiveCfg = Release|Win32
		{3A0D9B8E-3F89-4D49-AD5F-8271B7A2551A}.Release|x86.Build.0 = Release|Win32
		{8177C87C-2B89-4AE4-A260-F84D8F24EC67}.Debug|x64.ActiveCfg = Debug|x64
		{8177C87C-2B89-4AE4-A260-F84D8F24EC67}.Debug|x64.Build.0 = Debug|x64
		{8177C87C-2B89-4AE4-A260-F84D8F24EC67}.Debug|x86.ActiveCfg = Debug|Win32
		{8177C87C-2B89-4AE4-A260-F84D8F24EC67}.Debug|x86.Build.0 = Debug|Win32
		{8177C87C-2B89-4AE4-A260-F84D8F24EC67}.Release|x64.ActiveCfg = Release|x64
		{8177C87C-2B89-4AE4-A260-F84D8F24EC67}.Release|x64.Build.0 = Release|x64
		{8177C87C-2B89-4AE4-A260-F84D8F24EC67}.Release|x86.ActiveCfg = Release|Win32
		{8177C87C-2B89-4AE4-A260-F84D8F24EC67}.Release|x86.Build.0 = Release|Win32
		{AE9FA91C-9293-488D-B94C-8575A157E9FF}.Debug|x64.ActiveCfg = Debug|x64
		{AE9FA91C-9293-488D-B94C-8575A157E9FF}.Debug|x64.Build.0 = Debug|x64
		{AE9FA91C-9293-488D-B94C-8575A157E9FF}.Debug|x86.ActiveCfg = Debug|Win32
		{AE9FA91C-9293-488D-B94C-8575A157E9FF}.Debug|x86.Build.0 = Debug|Win32
		{AE9FA91C-9293-488D-B94C-8575A157E9FF}.Release|x64.ActiveCfg = Release|x64
		{AE9FA91C-9293-488D-B94C-8575A157E9FF}.Release|x64.Build.0 = Release|x64
		{AE9FA91C-9293-488D-B94C-8575A157E9FF}.Release|x86.ActiveCfg = Release|Win32
		{AE9FA91C-9293-488D-B94C-8575A157E9FF}.Release|x86.Build.0 = Release|Win32
		{76EB6D55-18A7-4CFD-B72F-98824300ABDB}.Debug|x64.ActiveCfg = Debug|x64
		{76EB6D55-18A7-4CFD-B72F-98824300ABDB}.Debug|x64.Build.0 = Debug|x64
		{76EB6D55-18A7-4CFD-B72F-98824300ABDB}.Debug|x86.ActiveCfg = Debug|Win32
		{76EB6D55-18A7-4CFD-B72F-98824300ABDB}.Debug|x86.Build.0 = Debug|Win32
		{76EB6D55-18A7-4CFD-B72F-98824300ABDB}.Release|x64.ActiveCfg = Release|x64
		{76EB6D55-18A7-4CFD-B72F-98824300ABDB}.Release|x64.Build.0 = Release|x64
		{76EB6D55-18A7-4CFD-B72F-98824300ABDB}.Release|x86.ActiveCfg = Release|Win32
		{76EB6D55-18A7-4CFD-B72F-98824300ABDB}.Release|x86.Build.0 = Release|Win32
	EndGlobalSection
	GlobalSection(SolutionProperties) = preSolution
		HideSolutionNode = FALSE
	EndGlobalSection
	GlobalSection(ExtensibilityGlobals) = postSolution
		SolutionGuid = {2B9552AB-9C17-4595-9035-F23233E81143}
	EndGlobalSection
EndGlobal
